
Microsoft Visual Studio Solution File, Format Version 12.00
# Visual Studio Version 17
VisualStudioVersion = 17.0.31903.59
MinimumVisualStudioVersion = 10.0.40219.1
Project("{FAE04EC0-301F-11D3-BF4B-00C04F79EFBC}") = "Domain", "Domain\Domain.csproj", "{CC54D78F-86CE-4196-9387-4F69669A8B83}"
EndProject
Project("{FAE04EC0-301F-11D3-BF4B-00C04F79EFBC}") = "Application", "Application\Application.csproj", "{FE55236D-2BB9-4B1C-8C01-9FF091B62909}"
EndProject
Project("{FAE04EC0-301F-11D3-BF4B-00C04F79EFBC}") = "Infrastructure", "Infrastructure\Infrastructure.csproj", "{34DA3E9D-AC10-4978-A6F1-39E7078B5520}"
EndProject
Project("{FAE04EC0-301F-11D3-BF4B-00C04F79EFBC}") = "API", "API\API.csproj", "{FCFFCA49-7FE5-469D-860F-AB719206731F}"
EndProject
Global
	GlobalSection(SolutionConfigurationPlatforms) = preSolution
		Debug|Any CPU = Debug|Any CPU
		Debug|x64 = Debug|x64
		Debug|x86 = Debug|x86
		Release|Any CPU = Release|Any CPU
		Release|x64 = Release|x64
		Release|x86 = Release|x86
	EndGlobalSection
	GlobalSection(ProjectConfigurationPlatforms) = postSolution
		{CC54D78F-86CE-4196-9387-4F69669A8B83}.Debug|Any CPU.ActiveCfg = Debug|Any CPU
		{CC54D78F-86CE-4196-9387-4F69669A8B83}.Debug|Any CPU.Build.0 = Debug|Any CPU
		{CC54D78F-86CE-4196-9387-4F69669A8B83}.Debug|x64.ActiveCfg = Debug|Any CPU
		{CC54D78F-86CE-4196-9387-4F69669A8B83}.Debug|x64.Build.0 = Debug|Any CPU
		{CC54D78F-86CE-4196-9387-4F69669A8B83}.Debug|x86.ActiveCfg = Debug|Any CPU
		{CC54D78F-86CE-4196-9387-4F69669A8B83}.Debug|x86.Build.0 = Debug|Any CPU
		{CC54D78F-86CE-4196-9387-4F69669A8B83}.Release|Any CPU.ActiveCfg = Release|Any CPU
		{CC54D78F-86CE-4196-9387-4F69669A8B83}.Release|Any CPU.Build.0 = Release|Any CPU
		{CC54D78F-86CE-4196-9387-4F69669A8B83}.Release|x64.ActiveCfg = Release|Any CPU
		{CC54D78F-86CE-4196-9387-4F69669A8B83}.Release|x64.Build.0 = Release|Any CPU
		{CC54D78F-86CE-4196-9387-4F69669A8B83}.Release|x86.ActiveCfg = Release|Any CPU
		{CC54D78F-86CE-4196-9387-4F69669A8B83}.Release|x86.Build.0 = Release|Any CPU
		{FE55236D-2BB9-4B1C-8C01-9FF091B62909}.Debug|Any CPU.ActiveCfg = Debug|Any CPU
		{FE55236D-2BB9-4B1C-8C01-9FF091B62909}.Debug|Any CPU.Build.0 = Debug|Any CPU
		{FE55236D-2BB9-4B1C-8C01-9FF091B62909}.Debug|x64.ActiveCfg = Debug|Any CPU
		{FE55236D-2BB9-4B1C-8C01-9FF091B62909}.Debug|x64.Build.0 = Debug|Any CPU
		{FE55236D-2BB9-4B1C-8C01-9FF091B62909}.Debug|x86.ActiveCfg = Debug|Any CPU
		{FE55236D-2BB9-4B1C-8C01-9FF091B62909}.Debug|x86.Build.0 = Debug|Any CPU
		{FE55236D-2BB9-4B1C-8C01-9FF091B62909}.Release|Any CPU.ActiveCfg = Release|Any CPU
		{FE55236D-2BB9-4B1C-8C01-9FF091B62909}.Release|Any CPU.Build.0 = Release|Any CPU
		{FE55236D-2BB9-4B1C-8C01-9FF091B62909}.Release|x64.ActiveCfg = Release|Any CPU
		{FE55236D-2BB9-4B1C-8C01-9FF091B62909}.Release|x64.Build.0 = Release|Any CPU
		{FE55236D-2BB9-4B1C-8C01-9FF091B62909}.Release|x86.ActiveCfg = Release|Any CPU
		{FE55236D-2BB9-4B1C-8C01-9FF091B62909}.Release|x86.Build.0 = Release|Any CPU
		{34DA3E9D-AC10-4978-A6F1-39E7078B5520}.Debug|Any CPU.ActiveCfg = Debug|Any CPU
		{34DA3E9D-AC10-4978-A6F1-39E7078B5520}.Debug|Any CPU.Build.0 = Debug|Any CPU
		{34DA3E9D-AC10-4978-A6F1-39E7078B5520}.Debug|x64.ActiveCfg = Debug|Any CPU
		{34DA3E9D-AC10-4978-A6F1-39E7078B5520}.Debug|x64.Build.0 = Debug|Any CPU
		{34DA3E9D-AC10-4978-A6F1-39E7078B5520}.Debug|x86.ActiveCfg = Debug|Any CPU
		{34DA3E9D-AC10-4978-A6F1-39E7078B5520}.Debug|x86.Build.0 = Debug|Any CPU
		{34DA3E9D-AC10-4978-A6F1-39E7078B5520}.Release|Any CPU.ActiveCfg = Release|Any CPU
		{34DA3E9D-AC10-4978-A6F1-39E7078B5520}.Release|Any CPU.Build.0 = Release|Any CPU
		{34DA3E9D-AC10-4978-A6F1-39E7078B5520}.Release|x64.ActiveCfg = Release|Any CPU
		{34DA3E9D-AC10-4978-A6F1-39E7078B5520}.Release|x64.Build.0 = Release|Any CPU
		{34DA3E9D-AC10-4978-A6F1-39E7078B5520}.Release|x86.ActiveCfg = Release|Any CPU
		{34DA3E9D-AC10-4978-A6F1-39E7078B5520}.Release|x86.Build.0 = Release|Any CPU
		{FCFFCA49-7FE5-469D-860F-AB719206731F}.Debug|Any CPU.ActiveCfg = Debug|Any CPU
		{FCFFCA49-7FE5-469D-860F-AB719206731F}.Debug|Any CPU.Build.0 = Debug|Any CPU
		{FCFFCA49-7FE5-469D-860F-AB719206731F}.Debug|x64.ActiveCfg = Debug|Any CPU
		{FCFFCA49-7FE5-469D-860F-AB719206731F}.Debug|x64.Build.0 = Debug|Any CPU
		{FCFFCA49-7FE5-469D-860F-AB719206731F}.Debug|x86.ActiveCfg = Debug|Any CPU
		{FCFFCA49-7FE5-469D-860F-AB719206731F}.Debug|x86.Build.0 = Debug|Any CPU
		{FCFFCA49-7FE5-469D-860F-AB719206731F}.Release|Any CPU.ActiveCfg = Release|Any CPU
		{FCFFCA49-7FE5-469D-860F-AB719206731F}.Release|Any CPU.Build.0 = Release|Any CPU
		{FCFFCA49-7FE5-469D-860F-AB719206731F}.Release|x64.ActiveCfg = Release|Any CPU
		{FCFFCA49-7FE5-469D-860F-AB719206731F}.Release|x64.Build.0 = Release|Any CPU
		{FCFFCA49-7FE5-469D-860F-AB719206731F}.Release|x86.ActiveCfg = Release|Any CPU
		{FCFFCA49-7FE5-469D-860F-AB719206731F}.Release|x86.Build.0 = Release|Any CPU
	EndGlobalSection
	GlobalSection(SolutionProperties) = preSolution
		HideSolutionNode = FALSE
	EndGlobalSection
EndGlobal
